
Microsoft Visual Studio Solution File, Format Version 12.00
# Visual Studio Version 17
VisualStudioVersion = 17.0.31903.59
MinimumVisualStudioVersion = 10.0.40219.1
Project("{FAE04EC0-301F-11D3-BF4B-00C04F79EFBC}") = "neda", "neda.csproj", "{1E72D8A8-26BF-43DF-8FAC-91E75A1E255E}"
EndProject
Project("{FAE04EC0-301F-11D3-BF4B-00C04F79EFBC}") = "NEDA.AI", "NEDA.AI\NEDA.AI.csproj", "{A0257F59-7307-49A5-908E-524B5942EBDA}"
EndProject
Project("{FAE04EC0-301F-11D3-BF4B-00C04F79EFBC}") = "NEDA.Animation", "NEDA.Animation\NEDA.Animation.csproj", "{D09A2092-3989-4FEE-BC6E-D24E8B7E6ABC}"
EndProject
Project("{FAE04EC0-301F-11D3-BF4B-00C04F79EFBC}") = "NEDA.API", "NEDA.API\NEDA.API.csproj", "{EDF8B73F-40E4-4D0B-9940-255FE292C755}"
EndProject
Project("{FAE04EC0-301F-11D3-BF4B-00C04F79EFBC}") = "NEDA.Automation", "NEDA.Automation\NEDA.Automation.csproj", "{4ADDF109-6DDC-45D8-BB6F-4E3002769E7A}"
EndProject
Project("{FAE04EC0-301F-11D3-BF4B-00C04F79EFBC}") = "NEDA.Biometrics", "NEDA.Biometrics\NEDA.Biometrics.csproj", "{B68EE87F-EF4F-473B-AAEB-BEA7C1A58DAA}"
EndProject
Project("{FAE04EC0-301F-11D3-BF4B-00C04F79EFBC}") = "NEDA.Brain", "NEDA.Brain\NEDA.Brain.csproj", "{DE312FC7-37E5-44C6-B85B-757A3E1C9C18}"
EndProject
Project("{FAE04EC0-301F-11D3-BF4B-00C04F79EFBC}") = "NEDA.Build", "NEDA.Build\NEDA.Build.csproj", "{3CF5715D-740C-43DA-8E73-8391FA6A175C}"
EndProject
Project("{FAE04EC0-301F-11D3-BF4B-00C04F79EFBC}") = "NEDA.CharacterSystems", "NEDA.CharacterSystems\NEDA.CharacterSystems.csproj", "{96035ECC-F948-452A-97C7-51393669B74A}"
EndProject
Project("{FAE04EC0-301F-11D3-BF4B-00C04F79EFBC}") = "NEDA.Cloud", "NEDA.Cloud\NEDA.Cloud.csproj", "{5E04C9B2-1613-4E6D-ACE3-A7F3DA2216D7}"
EndProject
Project("{FAE04EC0-301F-11D3-BF4B-00C04F79EFBC}") = "NEDA.Communication", "NEDA.Communication\NEDA.Communication.csproj", "{3255A7ED-19D5-4F30-A5B3-3A7E5A46A734}"
EndProject
Project("{FAE04EC0-301F-11D3-BF4B-00C04F79EFBC}") = "NEDA.ContentCreation", "NEDA.ContentCreation\NEDA.ContentCreation.csproj", "{CAA2A858-8A2E-4879-9135-08142CF43678}"
EndProject
Project("{FAE04EC0-301F-11D3-BF4B-00C04F79EFBC}") = "NEDA.Core", "NEDA.Core\NEDA.Core.csproj", "{E78B3B89-8D1C-45F0-BB70-32F32D009305}"
EndProject
Project("{FAE04EC0-301F-11D3-BF4B-00C04F79EFBC}") = "NEDA.EngineIntegration", "NEDA.EngineIntegration\NEDA.EngineIntegration.csproj", "{8AA95B09-51D5-4BA1-889D-40C03701E2EB}"
EndProject
Project("{FAE04EC0-301F-11D3-BF4B-00C04F79EFBC}") = "NEDA.GameDesign", "NEDA.GameDesign\NEDA.GameDesign.csproj", "{77D5DB30-81A8-4F2A-A704-F77D4360B530}"
EndProject
Project("{FAE04EC0-301F-11D3-BF4B-00C04F79EFBC}") = "NEDA.HardwareSecurity", "NEDA.HardwareSecurity\NEDA.HardwareSecurity.csproj", "{39668206-DDA6-4E77-93E3-0387C12337FB}"
EndProject
Project("{FAE04EC0-301F-11D3-BF4B-00C04F79EFBC}") = "NEDA.Interface", "NEDA.Interface\NEDA.Interface.csproj", "{63EB22D0-A26D-4736-A3C0-AA504F5D6452}"
EndProject
Project("{FAE04EC0-301F-11D3-BF4B-00C04F79EFBC}") = "NEDA.KnowledgeBase", "NEDA.KnowledgeBase\NEDA.KnowledgeBase.csproj", "{6AF59A53-B6A2-497E-AB9B-BCFCCFB710CA}"
EndProject
Project("{FAE04EC0-301F-11D3-BF4B-00C04F79EFBC}") = "NEDA.MediaProcessing", "NEDA.MediaProcessing\NEDA.MediaProcessing.csproj", "{509C5426-1B6E-40A8-9579-66FD6DFAE120}"
EndProject
Project("{FAE04EC0-301F-11D3-BF4B-00C04F79EFBC}") = "NEDA.Monitoring", "NEDA.Monitoring\NEDA.Monitoring.csproj", "{062B846D-A1B8-4F63-94D5-16476A183C44}"
EndProject
Project("{FAE04EC0-301F-11D3-BF4B-00C04F79EFBC}") = "NEDA.NeuralNetwork", "NEDA.NeuralNetwork\NEDA.NeuralNetwork.csproj", "{52018A4B-ECFC-4F1C-B8BD-3C765FC70D4A}"
EndProject
Project("{FAE04EC0-301F-11D3-BF4B-00C04F79EFBC}") = "NEDA.PersonalAssistant", "NEDA.PersonalAssistant\NEDA.PersonalAssistant.csproj", "{C5237D88-26EE-4A30-A7B0-8847CAE1A722}"
EndProject
Project("{FAE04EC0-301F-11D3-BF4B-00C04F79EFBC}") = "NEDA.RealTimeMonitoring", "NEDA.RealTimeMonitoring\NEDA.RealTimeMonitoring.csproj", "{32924A56-35FC-4D20-AC7D-DB7901807AC8}"
EndProject
Project("{FAE04EC0-301F-11D3-BF4B-00C04F79EFBC}") = "NEDA.SecurityModules", "NEDA.SecurityModules\NEDA.SecurityModules.csproj", "{2061D0D3-9086-4977-BFCE-F6AFF74B8636}"
EndProject
Project("{FAE04EC0-301F-11D3-BF4B-00C04F79EFBC}") = "NEDA.Services", "NEDA.Services\NEDA.Services.csproj", "{3F6BE9B1-F1AB-4DDF-81F8-8AAE0CBE92D1}"
EndProject
Project("{FAE04EC0-301F-11D3-BF4B-00C04F79EFBC}") = "NEDA.Tests", "NEDA.Tests\NEDA.Tests.csproj", "{306C0675-5E9C-4F3C-87F8-99306C8F51A0}"
EndProject
Project("{FAE04EC0-301F-11D3-BF4B-00C04F79EFBC}") = "NEDA.UI", "NEDA.UI\NEDA.UI.csproj", "{07A7FB82-9732-40AC-A505-A1004C36F852}"
EndProject
Global
	GlobalSection(SolutionConfigurationPlatforms) = preSolution
		Debug|Any CPU = Debug|Any CPU
		Debug|x64 = Debug|x64
		Debug|x86 = Debug|x86
		Release|Any CPU = Release|Any CPU
		Release|x64 = Release|x64
		Release|x86 = Release|x86
	EndGlobalSection
	GlobalSection(ProjectConfigurationPlatforms) = postSolution
		{1E72D8A8-26BF-43DF-8FAC-91E75A1E255E}.Debug|Any CPU.ActiveCfg = Debug|Any CPU
		{1E72D8A8-26BF-43DF-8FAC-91E75A1E255E}.Debug|Any CPU.Build.0 = Debug|Any CPU
		{1E72D8A8-26BF-43DF-8FAC-91E75A1E255E}.Debug|x64.ActiveCfg = Debug|Any CPU
		{1E72D8A8-26BF-43DF-8FAC-91E75A1E255E}.Debug|x64.Build.0 = Debug|Any CPU
		{1E72D8A8-26BF-43DF-8FAC-91E75A1E255E}.Debug|x86.ActiveCfg = Debug|Any CPU
		{1E72D8A8-26BF-43DF-8FAC-91E75A1E255E}.Debug|x86.Build.0 = Debug|Any CPU
		{1E72D8A8-26BF-43DF-8FAC-91E75A1E255E}.Release|Any CPU.ActiveCfg = Release|Any CPU
		{1E72D8A8-26BF-43DF-8FAC-91E75A1E255E}.Release|Any CPU.Build.0 = Release|Any CPU
		{1E72D8A8-26BF-43DF-8FAC-91E75A1E255E}.Release|x64.ActiveCfg = Release|Any CPU
		{1E72D8A8-26BF-43DF-8FAC-91E75A1E255E}.Release|x64.Build.0 = Release|Any CPU
		{1E72D8A8-26BF-43DF-8FAC-91E75A1E255E}.Release|x86.ActiveCfg = Release|Any CPU
		{1E72D8A8-26BF-43DF-8FAC-91E75A1E255E}.Release|x86.Build.0 = Release|Any CPU
		{A0257F59-7307-49A5-908E-524B5942EBDA}.Debug|Any CPU.ActiveCfg = Debug|Any CPU
		{A0257F59-7307-49A5-908E-524B5942EBDA}.Debug|Any CPU.Build.0 = Debug|Any CPU
		{A0257F59-7307-49A5-908E-524B5942EBDA}.Debug|x64.ActiveCfg = Debug|Any CPU
		{A0257F59-7307-49A5-908E-524B5942EBDA}.Debug|x64.Build.0 = Debug|Any CPU
		{A0257F59-7307-49A5-908E-524B5942EBDA}.Debug|x86.ActiveCfg = Debug|Any CPU
		{A0257F59-7307-49A5-908E-524B5942EBDA}.Debug|x86.Build.0 = Debug|Any CPU
		{A0257F59-7307-49A5-908E-524B5942EBDA}.Release|Any CPU.ActiveCfg = Release|Any CPU
		{A0257F59-7307-49A5-908E-524B5942EBDA}.Release|Any CPU.Build.0 = Release|Any CPU
		{A0257F59-7307-49A5-908E-524B5942EBDA}.Release|x64.ActiveCfg = Release|Any CPU
		{A0257F59-7307-49A5-908E-524B5942EBDA}.Release|x64.Build.0 = Release|Any CPU
		{A0257F59-7307-49A5-908E-524B5942EBDA}.Release|x86.ActiveCfg = Release|Any CPU
		{A0257F59-7307-49A5-908E-524B5942EBDA}.Release|x86.Build.0 = Release|Any CPU
		{D09A2092-3989-4FEE-BC6E-D24E8B7E6ABC}.Debug|Any CPU.ActiveCfg = Debug|Any CPU
		{D09A2092-3989-4FEE-BC6E-D24E8B7E6ABC}.Debug|Any CPU.Build.0 = Debug|Any CPU
		{D09A2092-3989-4FEE-BC6E-D24E8B7E6ABC}.Debug|x64.ActiveCfg = Debug|Any CPU
		{D09A2092-3989-4FEE-BC6E-D24E8B7E6ABC}.Debug|x64.Build.0 = Debug|Any CPU
		{D09A2092-3989-4FEE-BC6E-D24E8B7E6ABC}.Debug|x86.ActiveCfg = Debug|Any CPU
		{D09A2092-3989-4FEE-BC6E-D24E8B7E6ABC}.Debug|x86.Build.0 = Debug|Any CPU
		{D09A2092-3989-4FEE-BC6E-D24E8B7E6ABC}.Release|Any CPU.ActiveCfg = Release|Any CPU
		{D09A2092-3989-4FEE-BC6E-D24E8B7E6ABC}.Release|Any CPU.Build.0 = Release|Any CPU
		{D09A2092-3989-4FEE-BC6E-D24E8B7E6ABC}.Release|x64.ActiveCfg = Release|Any CPU
		{D09A2092-3989-4FEE-BC6E-D24E8B7E6ABC}.Release|x64.Build.0 = Release|Any CPU
		{D09A2092-3989-4FEE-BC6E-D24E8B7E6ABC}.Release|x86.ActiveCfg = Release|Any CPU
		{D09A2092-3989-4FEE-BC6E-D24E8B7E6ABC}.Release|x86.Build.0 = Release|Any CPU
		{EDF8B73F-40E4-4D0B-9940-255FE292C755}.Debug|Any CPU.ActiveCfg = Debug|Any CPU
		{EDF8B73F-40E4-4D0B-9940-255FE292C755}.Debug|Any CPU.Build.0 = Debug|Any CPU
		{EDF8B73F-40E4-4D0B-9940-255FE292C755}.Debug|x64.ActiveCfg = Debug|Any CPU
		{EDF8B73F-40E4-4D0B-9940-255FE292C755}.Debug|x64.Build.0 = Debug|Any CPU
		{EDF8B73F-40E4-4D0B-9940-255FE292C755}.Debug|x86.ActiveCfg = Debug|Any CPU
		{EDF8B73F-40E4-4D0B-9940-255FE292C755}.Debug|x86.Build.0 = Debug|Any CPU
		{EDF8B73F-40E4-4D0B-9940-255FE292C755}.Release|Any CPU.ActiveCfg = Release|Any CPU
		{EDF8B73F-40E4-4D0B-9940-255FE292C755}.Release|Any CPU.Build.0 = Release|Any CPU
		{EDF8B73F-40E4-4D0B-9940-255FE292C755}.Release|x64.ActiveCfg = Release|Any CPU
		{EDF8B73F-40E4-4D0B-9940-255FE292C755}.Release|x64.Build.0 = Release|Any CPU
		{EDF8B73F-40E4-4D0B-9940-255FE292C755}.Release|x86.ActiveCfg = Release|Any CPU
		{EDF8B73F-40E4-4D0B-9940-255FE292C755}.Release|x86.Build.0 = Release|Any CPU
		{4ADDF109-6DDC-45D8-BB6F-4E3002769E7A}.Debug|Any CPU.ActiveCfg = Debug|Any CPU
		{4ADDF109-6DDC-45D8-BB6F-4E3002769E7A}.Debug|Any CPU.Build.0 = Debug|Any CPU
		{4ADDF109-6DDC-45D8-BB6F-4E3002769E7A}.Debug|x64.ActiveCfg = Debug|Any CPU
		{4ADDF109-6DDC-45D8-BB6F-4E3002769E7A}.Debug|x64.Build.0 = Debug|Any CPU
		{4ADDF109-6DDC-45D8-BB6F-4E3002769E7A}.Debug|x86.ActiveCfg = Debug|Any CPU
		{4ADDF109-6DDC-45D8-BB6F-4E3002769E7A}.Debug|x86.Build.0 = Debug|Any CPU
		{4ADDF109-6DDC-45D8-BB6F-4E3002769E7A}.Release|Any CPU.ActiveCfg = Release|Any CPU
		{4ADDF109-6DDC-45D8-BB6F-4E3002769E7A}.Release|Any CPU.Build.0 = Release|Any CPU
		{4ADDF109-6DDC-45D8-BB6F-4E3002769E7A}.Release|x64.ActiveCfg = Release|Any CPU
		{4ADDF109-6DDC-45D8-BB6F-4E3002769E7A}.Release|x64.Build.0 = Release|Any CPU
		{4ADDF109-6DDC-45D8-BB6F-4E3002769E7A}.Release|x86.ActiveCfg = Release|Any CPU
		{4ADDF109-6DDC-45D8-BB6F-4E3002769E7A}.Release|x86.Build.0 = Release|Any CPU
		{B68EE87F-EF4F-473B-AAEB-BEA7C1A58DAA}.Debug|Any CPU.ActiveCfg = Debug|Any CPU
		{B68EE87F-EF4F-473B-AAEB-BEA7C1A58DAA}.Debug|Any CPU.Build.0 = Debug|Any CPU
		{B68EE87F-EF4F-473B-AAEB-BEA7C1A58DAA}.Debug|x64.ActiveCfg = Debug|Any CPU
		{B68EE87F-EF4F-473B-AAEB-BEA7C1A58DAA}.Debug|x64.Build.0 = Debug|Any CPU
		{B68EE87F-EF4F-473B-AAEB-BEA7C1A58DAA}.Debug|x86.ActiveCfg = Debug|Any CPU
		{B68EE87F-EF4F-473B-AAEB-BEA7C1A58DAA}.Debug|x86.Build.0 = Debug|Any CPU
		{B68EE87F-EF4F-473B-AAEB-BEA7C1A58DAA}.Release|Any CPU.ActiveCfg = Release|Any CPU
		{B68EE87F-EF4F-473B-AAEB-BEA7C1A58DAA}.Release|Any CPU.Build.0 = Release|Any CPU
		{B68EE87F-EF4F-473B-AAEB-BEA7C1A58DAA}.Release|x64.ActiveCfg = Release|Any CPU
		{B68EE87F-EF4F-473B-AAEB-BEA7C1A58DAA}.Release|x64.Build.0 = Release|Any CPU
		{B68EE87F-EF4F-473B-AAEB-BEA7C1A58DAA}.Release|x86.ActiveCfg = Release|Any CPU
		{B68EE87F-EF4F-473B-AAEB-BEA7C1A58DAA}.Release|x86.Build.0 = Release|Any CPU
		{DE312FC7-37E5-44C6-B85B-757A3E1C9C18}.Debug|Any CPU.ActiveCfg = Debug|Any CPU
		{DE312FC7-37E5-44C6-B85B-757A3E1C9C18}.Debug|Any CPU.Build.0 = Debug|Any CPU
		{DE312FC7-37E5-44C6-B85B-757A3E1C9C18}.Debug|x64.ActiveCfg = Debug|Any CPU
		{DE312FC7-37E5-44C6-B85B-757A3E1C9C18}.Debug|x64.Build.0 = Debug|Any CPU
		{DE312FC7-37E5-44C6-B85B-757A3E1C9C18}.Debug|x86.ActiveCfg = Debug|Any CPU
		{DE312FC7-37E5-44C6-B85B-757A3E1C9C18}.Debug|x86.Build.0 = Debug|Any CPU
		{DE312FC7-37E5-44C6-B85B-757A3E1C9C18}.Release|Any CPU.ActiveCfg = Release|Any CPU
		{DE312FC7-37E5-44C6-B85B-757A3E1C9C18}.Release|Any CPU.Build.0 = Release|Any CPU
		{DE312FC7-37E5-44C6-B85B-757A3E1C9C18}.Release|x64.ActiveCfg = Release|Any CPU
		{DE312FC7-37E5-44C6-B85B-757A3E1C9C18}.Release|x64.Build.0 = Release|Any CPU
		{DE312FC7-37E5-44C6-B85B-757A3E1C9C18}.Release|x86.ActiveCfg = Release|Any CPU
		{DE312FC7-37E5-44C6-B85B-757A3E1C9C18}.Release|x86.Build.0 = Release|Any CPU
		{3CF5715D-740C-43DA-8E73-8391FA6A175C}.Debug|Any CPU.ActiveCfg = Debug|Any CPU
		{3CF5715D-740C-43DA-8E73-8391FA6A175C}.Debug|Any CPU.Build.0 = Debug|Any CPU
		{3CF5715D-740C-43DA-8E73-8391FA6A175C}.Debug|x64.ActiveCfg = Debug|Any CPU
		{3CF5715D-740C-43DA-8E73-8391FA6A175C}.Debug|x64.Build.0 = Debug|Any CPU
		{3CF5715D-740C-43DA-8E73-8391FA6A175C}.Debug|x86.ActiveCfg = Debug|Any CPU
		{3CF5715D-740C-43DA-8E73-8391FA6A175C}.Debug|x86.Build.0 = Debug|Any CPU
		{3CF5715D-740C-43DA-8E73-8391FA6A175C}.Release|Any CPU.ActiveCfg = Release|Any CPU
		{3CF5715D-740C-43DA-8E73-8391FA6A175C}.Release|Any CPU.Build.0 = Release|Any CPU
		{3CF5715D-740C-43DA-8E73-8391FA6A175C}.Release|x64.ActiveCfg = Release|Any CPU
		{3CF5715D-740C-43DA-8E73-8391FA6A175C}.Release|x64.Build.0 = Release|Any CPU
		{3CF5715D-740C-43DA-8E73-8391FA6A175C}.Release|x86.ActiveCfg = Release|Any CPU
		{3CF5715D-740C-43DA-8E73-8391FA6A175C}.Release|x86.Build.0 = Release|Any CPU
		{96035ECC-F948-452A-97C7-51393669B74A}.Debug|Any CPU.ActiveCfg = Debug|Any CPU
		{96035ECC-F948-452A-97C7-51393669B74A}.Debug|Any CPU.Build.0 = Debug|Any CPU
		{96035ECC-F948-452A-97C7-51393669B74A}.Debug|x64.ActiveCfg = Debug|Any CPU
		{96035ECC-F948-452A-97C7-51393669B74A}.Debug|x64.Build.0 = Debug|Any CPU
		{96035ECC-F948-452A-97C7-51393669B74A}.Debug|x86.ActiveCfg = Debug|Any CPU
		{96035ECC-F948-452A-97C7-51393669B74A}.Debug|x86.Build.0 = Debug|Any CPU
		{96035ECC-F948-452A-97C7-51393669B74A}.Release|Any CPU.ActiveCfg = Release|Any CPU
		{96035ECC-F948-452A-97C7-51393669B74A}.Release|Any CPU.Build.0 = Release|Any CPU
		{96035ECC-F948-452A-97C7-51393669B74A}.Release|x64.ActiveCfg = Release|Any CPU
		{96035ECC-F948-452A-97C7-51393669B74A}.Release|x64.Build.0 = Release|Any CPU
		{96035ECC-F948-452A-97C7-51393669B74A}.Release|x86.ActiveCfg = Release|Any CPU
		{96035ECC-F948-452A-97C7-51393669B74A}.Release|x86.Build.0 = Release|Any CPU
		{5E04C9B2-1613-4E6D-ACE3-A7F3DA2216D7}.Debug|Any CPU.ActiveCfg = Debug|Any CPU
		{5E04C9B2-1613-4E6D-ACE3-A7F3DA2216D7}.Debug|Any CPU.Build.0 = Debug|Any CPU
		{5E04C9B2-1613-4E6D-ACE3-A7F3DA2216D7}.Debug|x64.ActiveCfg = Debug|Any CPU
		{5E04C9B2-1613-4E6D-ACE3-A7F3DA2216D7}.Debug|x64.Build.0 = Debug|Any CPU
		{5E04C9B2-1613-4E6D-ACE3-A7F3DA2216D7}.Debug|x86.ActiveCfg = Debug|Any CPU
		{5E04C9B2-1613-4E6D-ACE3-A7F3DA2216D7}.Debug|x86.Build.0 = Debug|Any CPU
		{5E04C9B2-1613-4E6D-ACE3-A7F3DA2216D7}.Release|Any CPU.ActiveCfg = Release|Any CPU
		{5E04C9B2-1613-4E6D-ACE3-A7F3DA2216D7}.Release|Any CPU.Build.0 = Release|Any CPU
		{5E04C9B2-1613-4E6D-ACE3-A7F3DA2216D7}.Release|x64.ActiveCfg = Release|Any CPU
		{5E04C9B2-1613-4E6D-ACE3-A7F3DA2216D7}.Release|x64.Build.0 = Release|Any CPU
		{5E04C9B2-1613-4E6D-ACE3-A7F3DA2216D7}.Release|x86.ActiveCfg = Release|Any CPU
		{5E04C9B2-1613-4E6D-ACE3-A7F3DA2216D7}.Release|x86.Build.0 = Release|Any CPU
		{3255A7ED-19D5-4F30-A5B3-3A7E5A46A734}.Debug|Any CPU.ActiveCfg = Debug|Any CPU
		{3255A7ED-19D5-4F30-A5B3-3A7E5A46A734}.Debug|Any CPU.Build.0 = Debug|Any CPU
		{3255A7ED-19D5-4F30-A5B3-3A7E5A46A734}.Debug|x64.ActiveCfg = Debug|Any CPU
		{3255A7ED-19D5-4F30-A5B3-3A7E5A46A734}.Debug|x64.Build.0 = Debug|Any CPU
		{3255A7ED-19D5-4F30-A5B3-3A7E5A46A734}.Debug|x86.ActiveCfg = Debug|Any CPU
		{3255A7ED-19D5-4F30-A5B3-3A7E5A46A734}.Debug|x86.Build.0 = Debug|Any CPU
		{3255A7ED-19D5-4F30-A5B3-3A7E5A46A734}.Release|Any CPU.ActiveCfg = Release|Any CPU
		{3255A7ED-19D5-4F30-A5B3-3A7E5A46A734}.Release|Any CPU.Build.0 = Release|Any CPU
		{3255A7ED-19D5-4F30-A5B3-3A7E5A46A734}.Release|x64.ActiveCfg = Release|Any CPU
		{3255A7ED-19D5-4F30-A5B3-3A7E5A46A734}.Release|x64.Build.0 = Release|Any CPU
		{3255A7ED-19D5-4F30-A5B3-3A7E5A46A734}.Release|x86.ActiveCfg = Release|Any CPU
		{3255A7ED-19D5-4F30-A5B3-3A7E5A46A734}.Release|x86.Build.0 = Release|Any CPU
		{CAA2A858-8A2E-4879-9135-08142CF43678}.Debug|Any CPU.ActiveCfg = Debug|Any CPU
		{CAA2A858-8A2E-4879-9135-08142CF43678}.Debug|Any CPU.Build.0 = Debug|Any CPU
		{CAA2A858-8A2E-4879-9135-08142CF43678}.Debug|x64.ActiveCfg = Debug|Any CPU
		{CAA2A858-8A2E-4879-9135-08142CF43678}.Debug|x64.Build.0 = Debug|Any CPU
		{CAA2A858-8A2E-4879-9135-08142CF43678}.Debug|x86.ActiveCfg = Debug|Any CPU
		{CAA2A858-8A2E-4879-9135-08142CF43678}.Debug|x86.Build.0 = Debug|Any CPU
		{CAA2A858-8A2E-4879-9135-08142CF43678}.Release|Any CPU.ActiveCfg = Release|Any CPU
		{CAA2A858-8A2E-4879-9135-08142CF43678}.Release|Any CPU.Build.0 = Release|Any CPU
		{CAA2A858-8A2E-4879-9135-08142CF43678}.Release|x64.ActiveCfg = Release|Any CPU
		{CAA2A858-8A2E-4879-9135-08142CF43678}.Release|x64.Build.0 = Release|Any CPU
		{CAA2A858-8A2E-4879-9135-08142CF43678}.Release|x86.ActiveCfg = Release|Any CPU
		{CAA2A858-8A2E-4879-9135-08142CF43678}.Release|x86.Build.0 = Release|Any CPU
		{E78B3B89-8D1C-45F0-BB70-32F32D009305}.Debug|Any CPU.ActiveCfg = Debug|Any CPU
		{E78B3B89-8D1C-45F0-BB70-32F32D009305}.Debug|Any CPU.Build.0 = Debug|Any CPU
		{E78B3B89-8D1C-45F0-BB70-32F32D009305}.Debug|x64.ActiveCfg = Debug|Any CPU
		{E78B3B89-8D1C-45F0-BB70-32F32D009305}.Debug|x64.Build.0 = Debug|Any CPU
		{E78B3B89-8D1C-45F0-BB70-32F32D009305}.Debug|x86.ActiveCfg = Debug|Any CPU
		{E78B3B89-8D1C-45F0-BB70-32F32D009305}.Debug|x86.Build.0 = Debug|Any CPU
		{E78B3B89-8D1C-45F0-BB70-32F32D009305}.Release|Any CPU.ActiveCfg = Release|Any CPU
		{E78B3B89-8D1C-45F0-BB70-32F32D009305}.Release|Any CPU.Build.0 = Release|Any CPU
		{E78B3B89-8D1C-45F0-BB70-32F32D009305}.Release|x64.ActiveCfg = Release|Any CPU
		{E78B3B89-8D1C-45F0-BB70-32F32D009305}.Release|x64.Build.0 = Release|Any CPU
		{E78B3B89-8D1C-45F0-BB70-32F32D009305}.Release|x86.ActiveCfg = Release|Any CPU
		{E78B3B89-8D1C-45F0-BB70-32F32D009305}.Release|x86.Build.0 = Release|Any CPU
		{8AA95B09-51D5-4BA1-889D-40C03701E2EB}.Debug|Any CPU.ActiveCfg = Debug|Any CPU
		{8AA95B09-51D5-4BA1-889D-40C03701E2EB}.Debug|Any CPU.Build.0 = Debug|Any CPU
		{8AA95B09-51D5-4BA1-889D-40C03701E2EB}.Debug|x64.ActiveCfg = Debug|Any CPU
		{8AA95B09-51D5-4BA1-889D-40C03701E2EB}.Debug|x64.Build.0 = Debug|Any CPU
		{8AA95B09-51D5-4BA1-889D-40C03701E2EB}.Debug|x86.ActiveCfg = Debug|Any CPU
		{8AA95B09-51D5-4BA1-889D-40C03701E2EB}.Debug|x86.Build.0 = Debug|Any CPU
		{8AA95B09-51D5-4BA1-889D-40C03701E2EB}.Release|Any CPU.ActiveCfg = Release|Any CPU
		{8AA95B09-51D5-4BA1-889D-40C03701E2EB}.Release|Any CPU.Build.0 = Release|Any CPU
		{8AA95B09-51D5-4BA1-889D-40C03701E2EB}.Release|x64.ActiveCfg = Release|Any CPU
		{8AA95B09-51D5-4BA1-889D-40C03701E2EB}.Release|x64.Build.0 = Release|Any CPU
		{8AA95B09-51D5-4BA1-889D-40C03701E2EB}.Release|x86.ActiveCfg = Release|Any CPU
		{8AA95B09-51D5-4BA1-889D-40C03701E2EB}.Release|x86.Build.0 = Release|Any CPU
		{77D5DB30-81A8-4F2A-A704-F77D4360B530}.Debug|Any CPU.ActiveCfg = Debug|Any CPU
		{77D5DB30-81A8-4F2A-A704-F77D4360B530}.Debug|Any CPU.Build.0 = Debug|Any CPU
		{77D5DB30-81A8-4F2A-A704-F77D4360B530}.Debug|x64.ActiveCfg = Debug|Any CPU
		{77D5DB30-81A8-4F2A-A704-F77D4360B530}.Debug|x64.Build.0 = Debug|Any CPU
		{77D5DB30-81A8-4F2A-A704-F77D4360B530}.Debug|x86.ActiveCfg = Debug|Any CPU
		{77D5DB30-81A8-4F2A-A704-F77D4360B530}.Debug|x86.Build.0 = Debug|Any CPU
		{77D5DB30-81A8-4F2A-A704-F77D4360B530}.Release|Any CPU.ActiveCfg = Release|Any CPU
		{77D5DB30-81A8-4F2A-A704-F77D4360B530}.Release|Any CPU.Build.0 = Release|Any CPU
		{77D5DB30-81A8-4F2A-A704-F77D4360B530}.Release|x64.ActiveCfg = Release|Any CPU
		{77D5DB30-81A8-4F2A-A704-F77D4360B530}.Release|x64.Build.0 = Release|Any CPU
		{77D5DB30-81A8-4F2A-A704-F77D4360B530}.Release|x86.ActiveCfg = Release|Any CPU
		{77D5DB30-81A8-4F2A-A704-F77D4360B530}.Release|x86.Build.0 = Release|Any CPU
		{39668206-DDA6-4E77-93E3-0387C12337FB}.Debug|Any CPU.ActiveCfg = Debug|Any CPU
		{39668206-DDA6-4E77-93E3-0387C12337FB}.Debug|Any CPU.Build.0 = Debug|Any CPU
		{39668206-DDA6-4E77-93E3-0387C12337FB}.Debug|x64.ActiveCfg = Debug|Any CPU
		{39668206-DDA6-4E77-93E3-0387C12337FB}.Debug|x64.Build.0 = Debug|Any CPU
		{39668206-DDA6-4E77-93E3-0387C12337FB}.Debug|x86.ActiveCfg = Debug|Any CPU
		{39668206-DDA6-4E77-93E3-0387C12337FB}.Debug|x86.Build.0 = Debug|Any CPU
		{39668206-DDA6-4E77-93E3-0387C12337FB}.Release|Any CPU.ActiveCfg = Release|Any CPU
		{39668206-DDA6-4E77-93E3-0387C12337FB}.Release|Any CPU.Build.0 = Release|Any CPU
		{39668206-DDA6-4E77-93E3-0387C12337FB}.Release|x64.ActiveCfg = Release|Any CPU
		{39668206-DDA6-4E77-93E3-0387C12337FB}.Release|x64.Build.0 = Release|Any CPU
		{39668206-DDA6-4E77-93E3-0387C12337FB}.Release|x86.ActiveCfg = Release|Any CPU
		{39668206-DDA6-4E77-93E3-0387C12337FB}.Release|x86.Build.0 = Release|Any CPU
		{63EB22D0-A26D-4736-A3C0-AA504F5D6452}.Debug|Any CPU.ActiveCfg = Debug|Any CPU
		{63EB22D0-A26D-4736-A3C0-AA504F5D6452}.Debug|Any CPU.Build.0 = Debug|Any CPU
		{63EB22D0-A26D-4736-A3C0-AA504F5D6452}.Debug|x64.ActiveCfg = Debug|Any CPU
		{63EB22D0-A26D-4736-A3C0-AA504F5D6452}.Debug|x64.Build.0 = Debug|Any CPU
		{63EB22D0-A26D-4736-A3C0-AA504F5D6452}.Debug|x86.ActiveCfg = Debug|Any CPU
		{63EB22D0-A26D-4736-A3C0-AA504F5D6452}.Debug|x86.Build.0 = Debug|Any CPU
		{63EB22D0-A26D-4736-A3C0-AA504F5D6452}.Release|Any CPU.ActiveCfg = Release|Any CPU
		{63EB22D0-A26D-4736-A3C0-AA504F5D6452}.Release|Any CPU.Build.0 = Release|Any CPU
		{63EB22D0-A26D-4736-A3C0-AA504F5D6452}.Release|x64.ActiveCfg = Release|Any CPU
		{63EB22D0-A26D-4736-A3C0-AA504F5D6452}.Release|x64.Build.0 = Release|Any CPU
		{63EB22D0-A26D-4736-A3C0-AA504F5D6452}.Release|x86.ActiveCfg = Release|Any CPU
		{63EB22D0-A26D-4736-A3C0-AA504F5D6452}.Release|x86.Build.0 = Release|Any CPU
		{6AF59A53-B6A2-497E-AB9B-BCFCCFB710CA}.Debug|Any CPU.ActiveCfg = Debug|Any CPU
		{6AF59A53-B6A2-497E-AB9B-BCFCCFB710CA}.Debug|Any CPU.Build.0 = Debug|Any CPU
		{6AF59A53-B6A2-497E-AB9B-BCFCCFB710CA}.Debug|x64.ActiveCfg = Debug|Any CPU
		{6AF59A53-B6A2-497E-AB9B-BCFCCFB710CA}.Debug|x64.Build.0 = Debug|Any CPU
		{6AF59A53-B6A2-497E-AB9B-BCFCCFB710CA}.Debug|x86.ActiveCfg = Debug|Any CPU
		{6AF59A53-B6A2-497E-AB9B-BCFCCFB710CA}.Debug|x86.Build.0 = Debug|Any CPU
		{6AF59A53-B6A2-497E-AB9B-BCFCCFB710CA}.Release|Any CPU.ActiveCfg = Release|Any CPU
		{6AF59A53-B6A2-497E-AB9B-BCFCCFB710CA}.Release|Any CPU.Build.0 = Release|Any CPU
		{6AF59A53-B6A2-497E-AB9B-BCFCCFB710CA}.Release|x64.ActiveCfg = Release|Any CPU
		{6AF59A53-B6A2-497E-AB9B-BCFCCFB710CA}.Release|x64.Build.0 = Release|Any CPU
		{6AF59A53-B6A2-497E-AB9B-BCFCCFB710CA}.Release|x86.ActiveCfg = Release|Any CPU
		{6AF59A53-B6A2-497E-AB9B-BCFCCFB710CA}.Release|x86.Build.0 = Release|Any CPU
		{509C5426-1B6E-40A8-9579-66FD6DFAE120}.Debug|Any CPU.ActiveCfg = Debug|Any CPU
		{509C5426-1B6E-40A8-9579-66FD6DFAE120}.Debug|Any CPU.Build.0 = Debug|Any CPU
		{509C5426-1B6E-40A8-9579-66FD6DFAE120}.Debug|x64.ActiveCfg = Debug|Any CPU
		{509C5426-1B6E-40A8-9579-66FD6DFAE120}.Debug|x64.Build.0 = Debug|Any CPU
		{509C5426-1B6E-40A8-9579-66FD6DFAE120}.Debug|x86.ActiveCfg = Debug|Any CPU
		{509C5426-1B6E-40A8-9579-66FD6DFAE120}.Debug|x86.Build.0 = Debug|Any CPU
		{509C5426-1B6E-40A8-9579-66FD6DFAE120}.Release|Any CPU.ActiveCfg = Release|Any CPU
		{509C5426-1B6E-40A8-9579-66FD6DFAE120}.Release|Any CPU.Build.0 = Release|Any CPU
		{509C5426-1B6E-40A8-9579-66FD6DFAE120}.Release|x64.ActiveCfg = Release|Any CPU
		{509C5426-1B6E-40A8-9579-66FD6DFAE120}.Release|x64.Build.0 = Release|Any CPU
		{509C5426-1B6E-40A8-9579-66FD6DFAE120}.Release|x86.ActiveCfg = Release|Any CPU
		{509C5426-1B6E-40A8-9579-66FD6DFAE120}.Release|x86.Build.0 = Release|Any CPU
		{062B846D-A1B8-4F63-94D5-16476A183C44}.Debug|Any CPU.ActiveCfg = Debug|Any CPU
		{062B846D-A1B8-4F63-94D5-16476A183C44}.Debug|Any CPU.Build.0 = Debug|Any CPU
		{062B846D-A1B8-4F63-94D5-16476A183C44}.Debug|x64.ActiveCfg = Debug|Any CPU
		{062B846D-A1B8-4F63-94D5-16476A183C44}.Debug|x64.Build.0 = Debug|Any CPU
		{062B846D-A1B8-4F63-94D5-16476A183C44}.Debug|x86.ActiveCfg = Debug|Any CPU
		{062B846D-A1B8-4F63-94D5-16476A183C44}.Debug|x86.Build.0 = Debug|Any CPU
		{062B846D-A1B8-4F63-94D5-16476A183C44}.Release|Any CPU.ActiveCfg = Release|Any CPU
		{062B846D-A1B8-4F63-94D5-16476A183C44}.Release|Any CPU.Build.0 = Release|Any CPU
		{062B846D-A1B8-4F63-94D5-16476A183C44}.Release|x64.ActiveCfg = Release|Any CPU
		{062B846D-A1B8-4F63-94D5-16476A183C44}.Release|x64.Build.0 = Release|Any CPU
		{062B846D-A1B8-4F63-94D5-16476A183C44}.Release|x86.ActiveCfg = Release|Any CPU
		{062B846D-A1B8-4F63-94D5-16476A183C44}.Release|x86.Build.0 = Release|Any CPU
		{52018A4B-ECFC-4F1C-B8BD-3C765FC70D4A}.Debug|Any CPU.ActiveCfg = Debug|Any CPU
		{52018A4B-ECFC-4F1C-B8BD-3C765FC70D4A}.Debug|Any CPU.Build.0 = Debug|Any CPU
		{52018A4B-ECFC-4F1C-B8BD-3C765FC70D4A}.Debug|x64.ActiveCfg = Debug|Any CPU
		{52018A4B-ECFC-4F1C-B8BD-3C765FC70D4A}.Debug|x64.Build.0 = Debug|Any CPU
		{52018A4B-ECFC-4F1C-B8BD-3C765FC70D4A}.Debug|x86.ActiveCfg = Debug|Any CPU
		{52018A4B-ECFC-4F1C-B8BD-3C765FC70D4A}.Debug|x86.Build.0 = Debug|Any CPU
		{52018A4B-ECFC-4F1C-B8BD-3C765FC70D4A}.Release|Any CPU.ActiveCfg = Release|Any CPU
		{52018A4B-ECFC-4F1C-B8BD-3C765FC70D4A}.Release|Any CPU.Build.0 = Release|Any CPU
		{52018A4B-ECFC-4F1C-B8BD-3C765FC70D4A}.Release|x64.ActiveCfg = Release|Any CPU
		{52018A4B-ECFC-4F1C-B8BD-3C765FC70D4A}.Release|x64.Build.0 = Release|Any CPU
		{52018A4B-ECFC-4F1C-B8BD-3C765FC70D4A}.Release|x86.ActiveCfg = Release|Any CPU
		{52018A4B-ECFC-4F1C-B8BD-3C765FC70D4A}.Release|x86.Build.0 = Release|Any CPU
		{C5237D88-26EE-4A30-A7B0-8847CAE1A722}.Debug|Any CPU.ActiveCfg = Debug|Any CPU
		{C5237D88-26EE-4A30-A7B0-8847CAE1A722}.Debug|Any CPU.Build.0 = Debug|Any CPU
		{C5237D88-26EE-4A30-A7B0-8847CAE1A722}.Debug|x64.ActiveCfg = Debug|Any CPU
		{C5237D88-26EE-4A30-A7B0-8847CAE1A722}.Debug|x64.Build.0 = Debug|Any CPU
		{C5237D88-26EE-4A30-A7B0-8847CAE1A722}.Debug|x86.ActiveCfg = Debug|Any CPU
		{C5237D88-26EE-4A30-A7B0-8847CAE1A722}.Debug|x86.Build.0 = Debug|Any CPU
		{C5237D88-26EE-4A30-A7B0-8847CAE1A722}.Release|Any CPU.ActiveCfg = Release|Any CPU
		{C5237D88-26EE-4A30-A7B0-8847CAE1A722}.Release|Any CPU.Build.0 = Release|Any CPU
		{C5237D88-26EE-4A30-A7B0-8847CAE1A722}.Release|x64.ActiveCfg = Release|Any CPU
		{C5237D88-26EE-4A30-A7B0-8847CAE1A722}.Release|x64.Build.0 = Release|Any CPU
		{C5237D88-26EE-4A30-A7B0-8847CAE1A722}.Release|x86.ActiveCfg = Release|Any CPU
		{C5237D88-26EE-4A30-A7B0-8847CAE1A722}.Release|x86.Build.0 = Release|Any CPU
		{32924A56-35FC-4D20-AC7D-DB7901807AC8}.Debug|Any CPU.ActiveCfg = Debug|Any CPU
		{32924A56-35FC-4D20-AC7D-DB7901807AC8}.Debug|Any CPU.Build.0 = Debug|Any CPU
		{32924A56-35FC-4D20-AC7D-DB7901807AC8}.Debug|x64.ActiveCfg = Debug|Any CPU
		{32924A56-35FC-4D20-AC7D-DB7901807AC8}.Debug|x64.Build.0 = Debug|Any CPU
		{32924A56-35FC-4D20-AC7D-DB7901807AC8}.Debug|x86.ActiveCfg = Debug|Any CPU
		{32924A56-35FC-4D20-AC7D-DB7901807AC8}.Debug|x86.Build.0 = Debug|Any CPU
		{32924A56-35FC-4D20-AC7D-DB7901807AC8}.Release|Any CPU.ActiveCfg = Release|Any CPU
		{32924A56-35FC-4D20-AC7D-DB7901807AC8}.Release|Any CPU.Build.0 = Release|Any CPU
		{32924A56-35FC-4D20-AC7D-DB7901807AC8}.Release|x64.ActiveCfg = Release|Any CPU
		{32924A56-35FC-4D20-AC7D-DB7901807AC8}.Release|x64.Build.0 = Release|Any CPU
		{32924A56-35FC-4D20-AC7D-DB7901807AC8}.Release|x86.ActiveCfg = Release|Any CPU
		{32924A56-35FC-4D20-AC7D-DB7901807AC8}.Release|x86.Build.0 = Release|Any CPU
		{2061D0D3-9086-4977-BFCE-F6AFF74B8636}.Debug|Any CPU.ActiveCfg = Debug|Any CPU
		{2061D0D3-9086-4977-BFCE-F6AFF74B8636}.Debug|Any CPU.Build.0 = Debug|Any CPU
		{2061D0D3-9086-4977-BFCE-F6AFF74B8636}.Debug|x64.ActiveCfg = Debug|Any CPU
		{2061D0D3-9086-4977-BFCE-F6AFF74B8636}.Debug|x64.Build.0 = Debug|Any CPU
		{2061D0D3-9086-4977-BFCE-F6AFF74B8636}.Debug|x86.ActiveCfg = Debug|Any CPU
		{2061D0D3-9086-4977-BFCE-F6AFF74B8636}.Debug|x86.Build.0 = Debug|Any CPU
		{2061D0D3-9086-4977-BFCE-F6AFF74B8636}.Release|Any CPU.ActiveCfg = Release|Any CPU
		{2061D0D3-9086-4977-BFCE-F6AFF74B8636}.Release|Any CPU.Build.0 = Release|Any CPU
		{2061D0D3-9086-4977-BFCE-F6AFF74B8636}.Release|x64.ActiveCfg = Release|Any CPU
		{2061D0D3-9086-4977-BFCE-F6AFF74B8636}.Release|x64.Build.0 = Release|Any CPU
		{2061D0D3-9086-4977-BFCE-F6AFF74B8636}.Release|x86.ActiveCfg = Release|Any CPU
		{2061D0D3-9086-4977-BFCE-F6AFF74B8636}.Release|x86.Build.0 = Release|Any CPU
		{3F6BE9B1-F1AB-4DDF-81F8-8AAE0CBE92D1}.Debug|Any CPU.ActiveCfg = Debug|Any CPU
		{3F6BE9B1-F1AB-4DDF-81F8-8AAE0CBE92D1}.Debug|Any CPU.Build.0 = Debug|Any CPU
		{3F6BE9B1-F1AB-4DDF-81F8-8AAE0CBE92D1}.Debug|x64.ActiveCfg = Debug|Any CPU
		{3F6BE9B1-F1AB-4DDF-81F8-8AAE0CBE92D1}.Debug|x64.Build.0 = Debug|Any CPU
		{3F6BE9B1-F1AB-4DDF-81F8-8AAE0CBE92D1}.Debug|x86.ActiveCfg = Debug|Any CPU
		{3F6BE9B1-F1AB-4DDF-81F8-8AAE0CBE92D1}.Debug|x86.Build.0 = Debug|Any CPU
		{3F6BE9B1-F1AB-4DDF-81F8-8AAE0CBE92D1}.Release|Any CPU.ActiveCfg = Release|Any CPU
		{3F6BE9B1-F1AB-4DDF-81F8-8AAE0CBE92D1}.Release|Any CPU.Build.0 = Release|Any CPU
		{3F6BE9B1-F1AB-4DDF-81F8-8AAE0CBE92D1}.Release|x64.ActiveCfg = Release|Any CPU
		{3F6BE9B1-F1AB-4DDF-81F8-8AAE0CBE92D1}.Release|x64.Build.0 = Release|Any CPU
		{3F6BE9B1-F1AB-4DDF-81F8-8AAE0CBE92D1}.Release|x86.ActiveCfg = Release|Any CPU
		{3F6BE9B1-F1AB-4DDF-81F8-8AAE0CBE92D1}.Release|x86.Build.0 = Release|Any CPU
		{306C0675-5E9C-4F3C-87F8-99306C8F51A0}.Debug|Any CPU.ActiveCfg = Debug|Any CPU
		{306C0675-5E9C-4F3C-87F8-99306C8F51A0}.Debug|Any CPU.Build.0 = Debug|Any CPU
		{306C0675-5E9C-4F3C-87F8-99306C8F51A0}.Debug|x64.ActiveCfg = Debug|Any CPU
		{306C0675-5E9C-4F3C-87F8-99306C8F51A0}.Debug|x64.Build.0 = Debug|Any CPU
		{306C0675-5E9C-4F3C-87F8-99306C8F51A0}.Debug|x86.ActiveCfg = Debug|Any CPU
		{306C0675-5E9C-4F3C-87F8-99306C8F51A0}.Debug|x86.Build.0 = Debug|Any CPU
		{306C0675-5E9C-4F3C-87F8-99306C8F51A0}.Release|Any CPU.ActiveCfg = Release|Any CPU
		{306C0675-5E9C-4F3C-87F8-99306C8F51A0}.Release|Any CPU.Build.0 = Release|Any CPU
		{306C0675-5E9C-4F3C-87F8-99306C8F51A0}.Release|x64.ActiveCfg = Release|Any CPU
		{306C0675-5E9C-4F3C-87F8-99306C8F51A0}.Release|x64.Build.0 = Release|Any CPU
		{306C0675-5E9C-4F3C-87F8-99306C8F51A0}.Release|x86.ActiveCfg = Release|Any CPU
		{306C0675-5E9C-4F3C-87F8-99306C8F51A0}.Release|x86.Build.0 = Release|Any CPU
		{07A7FB82-9732-40AC-A505-A1004C36F852}.Debug|Any CPU.ActiveCfg = Debug|Any CPU
		{07A7FB82-9732-40AC-A505-A1004C36F852}.Debug|Any CPU.Build.0 = Debug|Any CPU
		{07A7FB82-9732-40AC-A505-A1004C36F852}.Debug|x64.ActiveCfg = Debug|x64
		{07A7FB82-9732-40AC-A505-A1004C36F852}.Debug|x64.Build.0 = Debug|x64
		{07A7FB82-9732-40AC-A505-A1004C36F852}.Debug|x86.ActiveCfg = Debug|Any CPU
		{07A7FB82-9732-40AC-A505-A1004C36F852}.Debug|x86.Build.0 = Debug|Any CPU
		{07A7FB82-9732-40AC-A505-A1004C36F852}.Release|Any CPU.ActiveCfg = Release|Any CPU
		{07A7FB82-9732-40AC-A505-A1004C36F852}.Release|Any CPU.Build.0 = Release|Any CPU
		{07A7FB82-9732-40AC-A505-A1004C36F852}.Release|x64.ActiveCfg = Release|x64
		{07A7FB82-9732-40AC-A505-A1004C36F852}.Release|x64.Build.0 = Release|x64
		{07A7FB82-9732-40AC-A505-A1004C36F852}.Release|x86.ActiveCfg = Release|Any CPU
		{07A7FB82-9732-40AC-A505-A1004C36F852}.Release|x86.Build.0 = Release|Any CPU
	EndGlobalSection
	GlobalSection(SolutionProperties) = preSolution
		HideSolutionNode = FALSE
	EndGlobalSection
EndGlobal
